// !$*UTF8*$!
{
	archiveVersion = 1;
	classes = {
	};
	objectVersion = 55;
	objects = {

/* Begin PBXBuildFile section */
		545C25382872620500A5C3BE /* learning_swiftApp.swift in Sources */ = {isa = PBXBuildFile; fileRef = 545C25372872620500A5C3BE /* learning_swiftApp.swift */; };
		545C253A2872620500A5C3BE /* ContentView.swift in Sources */ = {isa = PBXBuildFile; fileRef = 545C25392872620500A5C3BE /* ContentView.swift */; };
		545C253C2872620900A5C3BE /* Assets.xcassets in Resources */ = {isa = PBXBuildFile; fileRef = 545C253B2872620900A5C3BE /* Assets.xcassets */; };
		545C253F2872620900A5C3BE /* Preview Assets.xcassets in Resources */ = {isa = PBXBuildFile; fileRef = 545C253E2872620900A5C3BE /* Preview Assets.xcassets */; };
		545C25492872620A00A5C3BE /* learning_swiftTests.swift in Sources */ = {isa = PBXBuildFile; fileRef = 545C25482872620A00A5C3BE /* learning_swiftTests.swift */; };
		545C25532872620A00A5C3BE /* learning_swiftUITests.swift in Sources */ = {isa = PBXBuildFile; fileRef = 545C25522872620A00A5C3BE /* learning_swiftUITests.swift */; };
		545C25552872620A00A5C3BE /* learning_swiftUITestsLaunchTests.swift in Sources */ = {isa = PBXBuildFile; fileRef = 545C25542872620A00A5C3BE /* learning_swiftUITestsLaunchTests.swift */; };
/* End PBXBuildFile section */

/* Begin PBXContainerItemProxy section */
		545C25452872620A00A5C3BE /* PBXContainerItemProxy */ = {
			isa = PBXContainerItemProxy;
			containerPortal = 545C252C2872620500A5C3BE /* Project object */;
			proxyType = 1;
			remoteGlobalIDString = 545C25332872620500A5C3BE;
			remoteInfo = "learning swift";
		};
		545C254F2872620A00A5C3BE /* PBXContainerItemProxy */ = {
			isa = PBXContainerItemProxy;
			containerPortal = 545C252C2872620500A5C3BE /* Project object */;
			proxyType = 1;
			remoteGlobalIDString = 545C25332872620500A5C3BE;
			remoteInfo = "learning swift";
		};
/* End PBXContainerItemProxy section */

/* Begin PBXFileReference section */
		545C25342872620500A5C3BE /* learning swift.app */ = {isa = PBXFileReference; explicitFileType = wrapper.application; includeInIndex = 0; path = "learning swift.app"; sourceTree = BUILT_PRODUCTS_DIR; };
		545C25372872620500A5C3BE /* learning_swiftApp.swift */ = {isa = PBXFileReference; lastKnownFileType = sourcecode.swift; path = learning_swiftApp.swift; sourceTree = "<group>"; };
		545C25392872620500A5C3BE /* ContentView.swift */ = {isa = PBXFileReference; lastKnownFileType = sourcecode.swift; path = ContentView.swift; sourceTree = "<group>"; };
		545C253B2872620900A5C3BE /* Assets.xcassets */ = {isa = PBXFileReference; lastKnownFileType = folder.assetcatalog; path = Assets.xcassets; sourceTree = "<group>"; };
		545C253E2872620900A5C3BE /* Preview Assets.xcassets */ = {isa = PBXFileReference; lastKnownFileType = folder.assetcatalog; path = "Preview Assets.xcassets"; sourceTree = "<group>"; };
		545C25442872620A00A5C3BE /* learning swiftTests.xctest */ = {isa = PBXFileReference; explicitFileType = wrapper.cfbundle; includeInIndex = 0; path = "learning swiftTests.xctest"; sourceTree = BUILT_PRODUCTS_DIR; };
		545C25482872620A00A5C3BE /* learning_swiftTests.swift */ = {isa = PBXFileReference; lastKnownFileType = sourcecode.swift; path = learning_swiftTests.swift; sourceTree = "<group>"; };
		545C254E2872620A00A5C3BE /* learning swiftUITests.xctest */ = {isa = PBXFileReference; explicitFileType = wrapper.cfbundle; includeInIndex = 0; path = "learning swiftUITests.xctest"; sourceTree = BUILT_PRODUCTS_DIR; };
		545C25522872620A00A5C3BE /* learning_swiftUITests.swift */ = {isa = PBXFileReference; lastKnownFileType = sourcecode.swift; path = learning_swiftUITests.swift; sourceTree = "<group>"; };
		545C25542872620A00A5C3BE /* learning_swiftUITestsLaunchTests.swift */ = {isa = PBXFileReference; lastKnownFileType = sourcecode.swift; path = learning_swiftUITestsLaunchTests.swift; sourceTree = "<group>"; };
/* End PBXFileReference section */

/* Begin PBXFrameworksBuildPhase section */
		545C25312872620500A5C3BE /* Frameworks */ = {
			isa = PBXFrameworksBuildPhase;
			buildActionMask = 2147483647;
			files = (
			);
			runOnlyForDeploymentPostprocessing = 0;
		};
		545C25412872620A00A5C3BE /* Frameworks */ = {
			isa = PBXFrameworksBuildPhase;
			buildActionMask = 2147483647;
			files = (
			);
			runOnlyForDeploymentPostprocessing = 0;
		};
		545C254B2872620A00A5C3BE /* Frameworks */ = {
			isa = PBXFrameworksBuildPhase;
			buildActionMask = 2147483647;
			files = (
			);
			runOnlyForDeploymentPostprocessing = 0;
		};
/* End PBXFrameworksBuildPhase section */

/* Begin PBXGroup section */
		545C252B2872620500A5C3BE = {
			isa = PBXGroup;
			children = (
				545C25362872620500A5C3BE /* learning swift */,
				545C25472872620A00A5C3BE /* learning swiftTests */,
				545C25512872620A00A5C3BE /* learning swiftUITests */,
				545C25352872620500A5C3BE /* Products */,
			);
			sourceTree = "<group>";
		};
		545C25352872620500A5C3BE /* Products */ = {
			isa = PBXGroup;
			children = (
				545C25342872620500A5C3BE /* learning swift.app */,
				545C25442872620A00A5C3BE /* learning swiftTests.xctest */,
				545C254E2872620A00A5C3BE /* learning swiftUITests.xctest */,
			);
			name = Products;
			sourceTree = "<group>";
		};
		545C25362872620500A5C3BE /* learning swift */ = {
			isa = PBXGroup;
			children = (
				545C25372872620500A5C3BE /* learning_swiftApp.swift */,
				545C25392872620500A5C3BE /* ContentView.swift */,
				545C253B2872620900A5C3BE /* Assets.xcassets */,
				545C253D2872620900A5C3BE /* Preview Content */,
			);
			path = "learning swift";
			sourceTree = "<group>";
		};
		545C253D2872620900A5C3BE /* Preview Content */ = {
			isa = PBXGroup;
			children = (
				545C253E2872620900A5C3BE /* Preview Assets.xcassets */,
			);
			path = "Preview Content";
			sourceTree = "<group>";
		};
		545C25472872620A00A5C3BE /* learning swiftTests */ = {
			isa = PBXGroup;
			children = (
				545C25482872620A00A5C3BE /* learning_swiftTests.swift */,
			);
			path = "learning swiftTests";
			sourceTree = "<group>";
		};
		545C25512872620A00A5C3BE /* learning swiftUITests */ = {
			isa = PBXGroup;
			children = (
				545C25522872620A00A5C3BE /* learning_swiftUITests.swift */,
				545C25542872620A00A5C3BE /* learning_swiftUITestsLaunchTests.swift */,
			);
			path = "learning swiftUITests";
			sourceTree = "<group>";
		};
/* End PBXGroup section */

/* Begin PBXNativeTarget section */
		545C25332872620500A5C3BE /* learning swift */ = {
			isa = PBXNativeTarget;
			buildConfigurationList = 545C25582872620A00A5C3BE /* Build configuration list for PBXNativeTarget "learning swift" */;
			buildPhases = (
				545C25302872620500A5C3BE /* Sources */,
				545C25312872620500A5C3BE /* Frameworks */,
				545C25322872620500A5C3BE /* Resources */,
			);
			buildRules = (
			);
			dependencies = (
			);
			name = "learning swift";
			productName = "learning swift";
			productReference = 545C25342872620500A5C3BE /* learning swift.app */;
			productType = "com.apple.product-type.application";
		};
		545C25432872620A00A5C3BE /* learning swiftTests */ = {
			isa = PBXNativeTarget;
			buildConfigurationList = 545C255B2872620A00A5C3BE /* Build configuration list for PBXNativeTarget "learning swiftTests" */;
			buildPhases = (
				545C25402872620A00A5C3BE /* Sources */,
				545C25412872620A00A5C3BE /* Frameworks */,
				545C25422872620A00A5C3BE /* Resources */,
			);
			buildRules = (
			);
			dependencies = (
				545C25462872620A00A5C3BE /* PBXTargetDependency */,
			);
			name = "learning swiftTests";
			productName = "learning swiftTests";
			productReference = 545C25442872620A00A5C3BE /* learning swiftTests.xctest */;
			productType = "com.apple.product-type.bundle.unit-test";
		};
		545C254D2872620A00A5C3BE /* learning swiftUITests */ = {
			isa = PBXNativeTarget;
			buildConfigurationList = 545C255E2872620A00A5C3BE /* Build configuration list for PBXNativeTarget "learning swiftUITests" */;
			buildPhases = (
				545C254A2872620A00A5C3BE /* Sources */,
				545C254B2872620A00A5C3BE /* Frameworks */,
				545C254C2872620A00A5C3BE /* Resources */,
			);
			buildRules = (
			);
			dependencies = (
				545C25502872620A00A5C3BE /* PBXTargetDependency */,
			);
			name = "learning swiftUITests";
			productName = "learning swiftUITests";
			productReference = 545C254E2872620A00A5C3BE /* learning swiftUITests.xctest */;
			productType = "com.apple.product-type.bundle.ui-testing";
		};
/* End PBXNativeTarget section */

/* Begin PBXProject section */
		545C252C2872620500A5C3BE /* Project object */ = {
			isa = PBXProject;
			attributes = {
				BuildIndependentTargetsInParallel = 1;
				LastSwiftUpdateCheck = 1340;
				LastUpgradeCheck = 1340;
				TargetAttributes = {
					545C25332872620500A5C3BE = {
						CreatedOnToolsVersion = 13.4.1;
					};
					545C25432872620A00A5C3BE = {
						CreatedOnToolsVersion = 13.4.1;
						TestTargetID = 545C25332872620500A5C3BE;
					};
					545C254D2872620A00A5C3BE = {
						CreatedOnToolsVersion = 13.4.1;
						TestTargetID = 545C25332872620500A5C3BE;
					};
				};
			};
			buildConfigurationList = 545C252F2872620500A5C3BE /* Build configuration list for PBXProject "learning swift" */;
			compatibilityVersion = "Xcode 13.0";
			developmentRegion = en;
			hasScannedForEncodings = 0;
			knownRegions = (
				en,
				Base,
			);
			mainGroup = 545C252B2872620500A5C3BE;
			productRefGroup = 545C25352872620500A5C3BE /* Products */;
			projectDirPath = "";
			projectRoot = "";
			targets = (
				545C25332872620500A5C3BE /* learning swift */,
				545C25432872620A00A5C3BE /* learning swiftTests */,
				545C254D2872620A00A5C3BE /* learning swiftUITests */,
			);
		};
/* End PBXProject section */

/* Begin PBXResourcesBuildPhase section */
		545C25322872620500A5C3BE /* Resources */ = {
			isa = PBXResourcesBuildPhase;
			buildActionMask = 2147483647;
			files = (
				545C253F2872620900A5C3BE /* Preview Assets.xcassets in Resources */,
				545C253C2872620900A5C3BE /* Assets.xcassets in Resources */,
			);
			runOnlyForDeploymentPostprocessing = 0;
		};
		545C25422872620A00A5C3BE /* Resources */ = {
			isa = PBXResourcesBuildPhase;
			buildActionMask = 2147483647;
			files = (
			);
			runOnlyForDeploymentPostprocessing = 0;
		};
		545C254C2872620A00A5C3BE /* Resources */ = {
			isa = PBXResourcesBuildPhase;
			buildActionMask = 2147483647;
			files = (
			);
			runOnlyForDeploymentPostprocessing = 0;
		};
/* End PBXResourcesBuildPhase section */

/* Begin PBXSourcesBuildPhase section */
		545C25302872620500A5C3BE /* Sources */ = {
			isa = PBXSourcesBuildPhase;
			buildActionMask = 2147483647;
			files = (
				545C253A2872620500A5C3BE /* ContentView.swift in Sources */,
				545C25382872620500A5C3BE /* learning_swiftApp.swift in Sources */,
			);
			runOnlyForDeploymentPostprocessing = 0;
		};
		545C25402872620A00A5C3BE /* Sources */ = {
			isa = PBXSourcesBuildPhase;
			buildActionMask = 2147483647;
			files = (
				545C25492872620A00A5C3BE /* learning_swiftTests.swift in Sources */,
			);
			runOnlyForDeploymentPostprocessing = 0;
		};
		545C254A2872620A00A5C3BE /* Sources */ = {
			isa = PBXSourcesBuildPhase;
			buildActionMask = 2147483647;
			files = (
				545C25552872620A00A5C3BE /* learning_swiftUITestsLaunchTests.swift in Sources */,
				545C25532872620A00A5C3BE /* learning_swiftUITests.swift in Sources */,
			);
			runOnlyForDeploymentPostprocessing = 0;
		};
/* End PBXSourcesBuildPhase section */

/* Begin PBXTargetDependency section */
		545C25462872620A00A5C3BE /* PBXTargetDependency */ = {
			isa = PBXTargetDependency;
			target = 545C25332872620500A5C3BE /* learning swift */;
			targetProxy = 545C25452872620A00A5C3BE /* PBXContainerItemProxy */;
		};
		545C25502872620A00A5C3BE /* PBXTargetDependency */ = {
			isa = PBXTargetDependency;
			target = 545C25332872620500A5C3BE /* learning swift */;
			targetProxy = 545C254F2872620A00A5C3BE /* PBXContainerItemProxy */;
		};
/* End PBXTargetDependency section */

/* Begin XCBuildConfiguration section */
		545C25562872620A00A5C3BE /* Debug */ = {
			isa = XCBuildConfiguration;
			buildSettings = {
				ALWAYS_SEARCH_USER_PATHS = NO;
				CLANG_ANALYZER_NONNULL = YES;
				CLANG_ANALYZER_NUMBER_OBJECT_CONVERSION = YES_AGGRESSIVE;
				CLANG_CXX_LANGUAGE_STANDARD = "gnu++17";
				CLANG_ENABLE_MODULES = YES;
				CLANG_ENABLE_OBJC_ARC = YES;
				CLANG_ENABLE_OBJC_WEAK = YES;
				CLANG_WARN_BLOCK_CAPTURE_AUTORELEASING = YES;
				CLANG_WARN_BOOL_CONVERSION = YES;
				CLANG_WARN_COMMA = YES;
				CLANG_WARN_CONSTANT_CONVERSION = YES;
				CLANG_WARN_DEPRECATED_OBJC_IMPLEMENTATIONS = YES;
				CLANG_WARN_DIRECT_OBJC_ISA_USAGE = YES_ERROR;
				CLANG_WARN_DOCUMENTATION_COMMENTS = YES;
				CLANG_WARN_EMPTY_BODY = YES;
				CLANG_WARN_ENUM_CONVERSION = YES;
				CLANG_WARN_INFINITE_RECURSION = YES;
				CLANG_WARN_INT_CONVERSION = YES;
				CLANG_WARN_NON_LITERAL_NULL_CONVERSION = YES;
				CLANG_WARN_OBJC_IMPLICIT_RETAIN_SELF = YES;
				CLANG_WARN_OBJC_LITERAL_CONVERSION = YES;
				CLANG_WARN_OBJC_ROOT_CLASS = YES_ERROR;
				CLANG_WARN_QUOTED_INCLUDE_IN_FRAMEWORK_HEADER = YES;
				CLANG_WARN_RANGE_LOOP_ANALYSIS = YES;
				CLANG_WARN_STRICT_PROTOTYPES = YES;
				CLANG_WARN_SUSPICIOUS_MOVE = YES;
				CLANG_WARN_UNGUARDED_AVAILABILITY = YES_AGGRESSIVE;
				CLANG_WARN_UNREACHABLE_CODE = YES;
				CLANG_WARN__DUPLICATE_METHOD_MATCH = YES;
				COPY_PHASE_STRIP = NO;
				DEBUG_INFORMATION_FORMAT = dwarf;
				ENABLE_STRICT_OBJC_MSGSEND = YES;
				ENABLE_TESTABILITY = YES;
				GCC_C_LANGUAGE_STANDARD = gnu11;
				GCC_DYNAMIC_NO_PIC = NO;
				GCC_NO_COMMON_BLOCKS = YES;
				GCC_OPTIMIZATION_LEVEL = 0;
				GCC_PREPROCESSOR_DEFINITIONS = (
					"DEBUG=1",
					"$(inherited)",
				);
				GCC_WARN_64_TO_32_BIT_CONVERSION = YES;
				GCC_WARN_ABOUT_RETURN_TYPE = YES_ERROR;
				GCC_WARN_UNDECLARED_SELECTOR = YES;
				GCC_WARN_UNINITIALIZED_AUTOS = YES_AGGRESSIVE;
				GCC_WARN_UNUSED_FUNCTION = YES;
				GCC_WARN_UNUSED_VARIABLE = YES;
				IPHONEOS_DEPLOYMENT_TARGET = 15.5;
				MTL_ENABLE_DEBUG_INFO = INCLUDE_SOURCE;
				MTL_FAST_MATH = YES;
				ONLY_ACTIVE_ARCH = YES;
				SDKROOT = iphoneos;
				SWIFT_ACTIVE_COMPILATION_CONDITIONS = DEBUG;
				SWIFT_OPTIMIZATION_LEVEL = "-Onone";
			};
			name = Debug;
		};
		545C25572872620A00A5C3BE /* Release */ = {
			isa = XCBuildConfiguration;
			buildSettings = {
				ALWAYS_SEARCH_USER_PATHS = NO;
				CLANG_ANALYZER_NONNULL = YES;
				CLANG_ANALYZER_NUMBER_OBJECT_CONVERSION = YES_AGGRESSIVE;
				CLANG_CXX_LANGUAGE_STANDARD = "gnu++17";
				CLANG_ENABLE_MODULES = YES;
				CLANG_ENABLE_OBJC_ARC = YES;
				CLANG_ENABLE_OBJC_WEAK = YES;
				CLANG_WARN_BLOCK_CAPTURE_AUTORELEASING = YES;
				CLANG_WARN_BOOL_CONVERSION = YES;
				CLANG_WARN_COMMA = YES;
				CLANG_WARN_CONSTANT_CONVERSION = YES;
				CLANG_WARN_DEPRECATED_OBJC_IMPLEMENTATIONS = YES;
				CLANG_WARN_DIRECT_OBJC_ISA_USAGE = YES_ERROR;
				CLANG_WARN_DOCUMENTATION_COMMENTS = YES;
				CLANG_WARN_EMPTY_BODY = YES;
				CLANG_WARN_ENUM_CONVERSION = YES;
				CLANG_WARN_INFINITE_RECURSION = YES;
				CLANG_WARN_INT_CONVERSION = YES;
				CLANG_WARN_NON_LITERAL_NULL_CONVERSION = YES;
				CLANG_WARN_OBJC_IMPLICIT_RETAIN_SELF = YES;
				CLANG_WARN_OBJC_LITERAL_CONVERSION = YES;
				CLANG_WARN_OBJC_ROOT_CLASS = YES_ERROR;
				CLANG_WARN_QUOTED_INCLUDE_IN_FRAMEWORK_HEADER = YES;
				CLANG_WARN_RANGE_LOOP_ANALYSIS = YES;
				CLANG_WARN_STRICT_PROTOTYPES = YES;
				CLANG_WARN_SUSPICIOUS_MOVE = YES;
				CLANG_WARN_UNGUARDED_AVAILABILITY = YES_AGGRESSIVE;
				CLANG_WARN_UNREACHABLE_CODE = YES;
				CLANG_WARN__DUPLICATE_METHOD_MATCH = YES;
				COPY_PHASE_STRIP = NO;
				DEBUG_INFORMATION_FORMAT = "dwarf-with-dsym";
				ENABLE_NS_ASSERTIONS = NO;
				ENABLE_STRICT_OBJC_MSGSEND = YES;
				GCC_C_LANGUAGE_STANDARD = gnu11;
				GCC_NO_COMMON_BLOCKS = YES;
				GCC_WARN_64_TO_32_BIT_CONVERSION = YES;
				GCC_WARN_ABOUT_RETURN_TYPE = YES_ERROR;
				GCC_WARN_UNDECLARED_SELECTOR = YES;
				GCC_WARN_UNINITIALIZED_AUTOS = YES_AGGRESSIVE;
				GCC_WARN_UNUSED_FUNCTION = YES;
				GCC_WARN_UNUSED_VARIABLE = YES;
				IPHONEOS_DEPLOYMENT_TARGET = 15.5;
				MTL_ENABLE_DEBUG_INFO = NO;
				MTL_FAST_MATH = YES;
				SDKROOT = iphoneos;
				SWIFT_COMPILATION_MODE = wholemodule;
				SWIFT_OPTIMIZATION_LEVEL = "-O";
				VALIDATE_PRODUCT = YES;
			};
			name = Release;
		};
		545C25592872620A00A5C3BE /* Debug */ = {
			isa = XCBuildConfiguration;
			buildSettings = {
				ASSETCATALOG_COMPILER_APPICON_NAME = AppIcon;
				ASSETCATALOG_COMPILER_GLOBAL_ACCENT_COLOR_NAME = AccentColor;
				CODE_SIGN_STYLE = Automatic;
				CURRENT_PROJECT_VERSION = 1;
				DEVELOPMENT_ASSET_PATHS = "\"learning swift/Preview Content\"";
				ENABLE_PREVIEWS = YES;
				GENERATE_INFOPLIST_FILE = YES;
				INFOPLIST_KEY_UIApplicationSceneManifest_Generation = YES;
				INFOPLIST_KEY_UIApplicationSupportsIndirectInputEvents = YES;
				INFOPLIST_KEY_UILaunchScreen_Generation = YES;
				INFOPLIST_KEY_UISupportedInterfaceOrientations_iPad = "UIInterfaceOrientationPortrait UIInterfaceOrientationPortraitUpsideDown UIInterfaceOrientationLandscapeLeft UIInterfaceOrientationLandscapeRight";
				INFOPLIST_KEY_UISupportedInterfaceOrientations_iPhone = "UIInterfaceOrientationPortrait UIInterfaceOrientationLandscapeLeft UIInterfaceOrientationLandscapeRight";
				LD_RUNPATH_SEARCH_PATHS = (
					"$(inherited)",
					"@executable_path/Frameworks",
				);
				MARKETING_VERSION = 1.0;
				PRODUCT_BUNDLE_IDENTIFIER = "alex.learning-swift";
				PRODUCT_NAME = "$(TARGET_NAME)";
				SWIFT_EMIT_LOC_STRINGS = YES;
				SWIFT_VERSION = 5.0;
				TARGETED_DEVICE_FAMILY = "1,2";
			};
			name = Debug;
		};
		545C255A2872620A00A5C3BE /* Release */ = {
			isa = XCBuildConfiguration;
			buildSettings = {
				ASSETCATALOG_COMPILER_APPICON_NAME = AppIcon;
				ASSETCATALOG_COMPILER_GLOBAL_ACCENT_COLOR_NAME = AccentColor;
				CODE_SIGN_STYLE = Automatic;
				CURRENT_PROJECT_VERSION = 1;
				DEVELOPMENT_ASSET_PATHS = "\"learning swift/Preview Content\"";
				ENABLE_PREVIEWS = YES;
				GENERATE_INFOPLIST_FILE = YES;
				INFOPLIST_KEY_UIApplicationSceneManifest_Generation = YES;
				INFOPLIST_KEY_UIApplicationSupportsIndirectInputEvents = YES;
				INFOPLIST_KEY_UILaunchScreen_Generation = YES;
				INFOPLIST_KEY_UISupportedInterfaceOrientations_iPad = "UIInterfaceOrientationPortrait UIInterfaceOrientationPortraitUpsideDown UIInterfaceOrientationLandscapeLeft UIInterfaceOrientationLandscapeRight";
				INFOPLIST_KEY_UISupportedInterfaceOrientations_iPhone = "UIInterfaceOrientationPortrait UIInterfaceOrientationLandscapeLeft UIInterfaceOrientationLandscapeRight";
				LD_RUNPATH_SEARCH_PATHS = (
					"$(inherited)",
					"@executable_path/Frameworks",
				);
				MARKETING_VERSION = 1.0;
				PRODUCT_BUNDLE_IDENTIFIER = "alex.learning-swift";
				PRODUCT_NAME = "$(TARGET_NAME)";
				SWIFT_EMIT_LOC_STRINGS = YES;
				SWIFT_VERSION = 5.0;
				TARGETED_DEVICE_FAMILY = "1,2";
			};
			name = Release;
		};
		545C255C2872620A00A5C3BE /* Debug */ = {
			isa = XCBuildConfiguration;
			buildSettings = {
				ALWAYS_EMBED_SWIFT_STANDARD_LIBRARIES = YES;
				BUNDLE_LOADER = "$(TEST_HOST)";
				CODE_SIGN_STYLE = Automatic;
				CURRENT_PROJECT_VERSION = 1;
				GENERATE_INFOPLIST_FILE = YES;
				IPHONEOS_DEPLOYMENT_TARGET = 15.5;
				MARKETING_VERSION = 1.0;
				PRODUCT_BUNDLE_IDENTIFIER = "alex.learning-swiftTests";
				PRODUCT_NAME = "$(TARGET_NAME)";
				SWIFT_EMIT_LOC_STRINGS = NO;
				SWIFT_VERSION = 5.0;
				TARGETED_DEVICE_FAMILY = "1,2";
				TEST_HOST = "$(BUILT_PRODUCTS_DIR)/learning swift.app/learning swift";
			};
			name = Debug;
		};
		545C255D2872620A00A5C3BE /* Release */ = {
			isa = XCBuildConfiguration;
			buildSettings = {
				ALWAYS_EMBED_SWIFT_STANDARD_LIBRARIES = YES;
				BUNDLE_LOADER = "$(TEST_HOST)";
				CODE_SIGN_STYLE = Automatic;
				CURRENT_PROJECT_VERSION = 1;
				GENERATE_INFOPLIST_FILE = YES;
				IPHONEOS_DEPLOYMENT_TARGET = 15.5;
				MARKETING_VERSION = 1.0;
				PRODUCT_BUNDLE_IDENTIFIER = "alex.learning-swiftTests";
				PRODUCT_NAME = "$(TARGET_NAME)";
				SWIFT_EMIT_LOC_STRINGS = NO;
				SWIFT_VERSION = 5.0;
				TARGETED_DEVICE_FAMILY = "1,2";
				TEST_HOST = "$(BUILT_PRODUCTS_DIR)/learning swift.app/learning swift";
			};
			name = Release;
		};
		545C255F2872620A00A5C3BE /* Debug */ = {
			isa = XCBuildConfiguration;
			buildSettings = {
				ALWAYS_EMBED_SWIFT_STANDARD_LIBRARIES = YES;
				CODE_SIGN_STYLE = Automatic;
				CURRENT_PROJECT_VERSION = 1;
				GENERATE_INFOPLIST_FILE = YES;
				MARKETING_VERSION = 1.0;
				PRODUCT_BUNDLE_IDENTIFIER = "alex.learning-swiftUITests";
				PRODUCT_NAME = "$(TARGET_NAME)";
				SWIFT_EMIT_LOC_STRINGS = NO;
				SWIFT_VERSION = 5.0;
				TARGETED_DEVICE_FAMILY = "1,2";
				TEST_TARGET_NAME = "learning swift";
			};
			name = Debug;
		};
		545C25602872620A00A5C3BE /* Release */ = {
			isa = XCBuildConfiguration;
			buildSettings = {
				ALWAYS_EMBED_SWIFT_STANDARD_LIBRARIES = YES;
				CODE_SIGN_STYLE = Automatic;
				CURRENT_PROJECT_VERSION = 1;
				GENERATE_INFOPLIST_FILE = YES;
				MARKETING_VERSION = 1.0;
				PRODUCT_BUNDLE_IDENTIFIER = "alex.learning-swiftUITests";
				PRODUCT_NAME = "$(TARGET_NAME)";
				SWIFT_EMIT_LOC_STRINGS = NO;
				SWIFT_VERSION = 5.0;
				TARGETED_DEVICE_FAMILY = "1,2";
				TEST_TARGET_NAME = "learning swift";
			};
			name = Release;
		};
/* End XCBuildConfiguration section */

/* Begin XCConfigurationList section */
		545C252F2872620500A5C3BE /* Build configuration list for PBXProject "learning swift" */ = {
			isa = XCConfigurationList;
			buildConfigurations = (
				545C25562872620A00A5C3BE /* Debug */,
				545C25572872620A00A5C3BE /* Release */,
			);
			defaultConfigurationIsVisible = 0;
			defaultConfigurationName = Release;
		};
		545C25582872620A00A5C3BE /* Build configuration list for PBXNativeTarget "learning swift" */ = {
			isa = XCConfigurationList;
			buildConfigurations = (
				545C25592872620A00A5C3BE /* Debug */,
				545C255A2872620A00A5C3BE /* Release */,
			);
			defaultConfigurationIsVisible = 0;
			defaultConfigurationName = Release;
		};
		545C255B2872620A00A5C3BE /* Build configuration list for PBXNativeTarget "learning swiftTests" */ = {
			isa = XCConfigurationList;
			buildConfigurations = (
				545C255C2872620A00A5C3BE /* Debug */,
				545C255D2872620A00A5C3BE /* Release */,
			);
			defaultConfigurationIsVisible = 0;
			defaultConfigurationName = Release;
		};
		545C255E2872620A00A5C3BE /* Build configuration list for PBXNativeTarget "learning swiftUITests" */ = {
			isa = XCConfigurationList;
			buildConfigurations = (
				545C255F2872620A00A5C3BE /* Debug */,
				545C25602872620A00A5C3BE /* Release */,
			);
			defaultConfigurationIsVisible = 0;
			defaultConfigurationName = Release;
		};
/* End XCConfigurationList section */
	};
	rootObject = 545C252C2872620500A5C3BE /* Project object */;
}
